// !$*UTF8*$!
{
	archiveVersion = 1;
	classes = {
	};
	objectVersion = 56;
	objects = {

/* Begin PBXBuildFile section */
		CB1F9DE12C1CEF92003A378B /* Divine_GitaApp.swift in Sources */ = {isa = PBXBuildFile; fileRef = CB1F9DE02C1CEF92003A378B /* Divine_GitaApp.swift */; };
		CB1F9DE32C1CEF92003A378B /* ContentView.swift in Sources */ = {isa = PBXBuildFile; fileRef = CB1F9DE22C1CEF92003A378B /* ContentView.swift */; };
		CB1F9DE52C1CEF93003A378B /* Assets.xcassets in Resources */ = {isa = PBXBuildFile; fileRef = CB1F9DE42C1CEF93003A378B /* Assets.xcassets */; };
		CB1F9DE82C1CEF93003A378B /* Preview Assets.xcassets in Resources */ = {isa = PBXBuildFile; fileRef = CB1F9DE72C1CEF93003A378B /* Preview Assets.xcassets */; };
		CB1F9DEA2C1CEF93003A378B /* Persistence.swift in Sources */ = {isa = PBXBuildFile; fileRef = CB1F9DE92C1CEF93003A378B /* Persistence.swift */; };
		CB1F9DED2C1CEF93003A378B /* Divine_Gita.xcdatamodeld in Sources */ = {isa = PBXBuildFile; fileRef = CB1F9DEB2C1CEF93003A378B /* Divine_Gita.xcdatamodeld */; };
		CB1F9DF72C1CEF94003A378B /* Divine_GitaTests.swift in Sources */ = {isa = PBXBuildFile; fileRef = CB1F9DF62C1CEF94003A378B /* Divine_GitaTests.swift */; };
		CB1F9E012C1CEF94003A378B /* Divine_GitaUITests.swift in Sources */ = {isa = PBXBuildFile; fileRef = CB1F9E002C1CEF94003A378B /* Divine_GitaUITests.swift */; };
		CB1F9E032C1CEF94003A378B /* Divine_GitaUITestsLaunchTests.swift in Sources */ = {isa = PBXBuildFile; fileRef = CB1F9E022C1CEF94003A378B /* Divine_GitaUITestsLaunchTests.swift */; };
/* End PBXBuildFile section */

/* Begin PBXContainerItemProxy section */
		CB1F9DF32C1CEF94003A378B /* PBXContainerItemProxy */ = {
			isa = PBXContainerItemProxy;
			containerPortal = CB1F9DD52C1CEF92003A378B /* Project object */;
			proxyType = 1;
			remoteGlobalIDString = CB1F9DDC2C1CEF92003A378B;
			remoteInfo = "Divine Gita";
		};
		CB1F9DFD2C1CEF94003A378B /* PBXContainerItemProxy */ = {
			isa = PBXContainerItemProxy;
			containerPortal = CB1F9DD52C1CEF92003A378B /* Project object */;
			proxyType = 1;
			remoteGlobalIDString = CB1F9DDC2C1CEF92003A378B;
			remoteInfo = "Divine Gita";
		};
/* End PBXContainerItemProxy section */

/* Begin PBXFileReference section */
		CB1F9DDD2C1CEF92003A378B /* Divine Gita.app */ = {isa = PBXFileReference; explicitFileType = wrapper.application; includeInIndex = 0; path = "Divine Gita.app"; sourceTree = BUILT_PRODUCTS_DIR; };
		CB1F9DE02C1CEF92003A378B /* Divine_GitaApp.swift */ = {isa = PBXFileReference; lastKnownFileType = sourcecode.swift; path = Divine_GitaApp.swift; sourceTree = "<group>"; };
		CB1F9DE22C1CEF92003A378B /* ContentView.swift */ = {isa = PBXFileReference; lastKnownFileType = sourcecode.swift; path = ContentView.swift; sourceTree = "<group>"; };
		CB1F9DE42C1CEF93003A378B /* Assets.xcassets */ = {isa = PBXFileReference; lastKnownFileType = folder.assetcatalog; path = Assets.xcassets; sourceTree = "<group>"; };
		CB1F9DE72C1CEF93003A378B /* Preview Assets.xcassets */ = {isa = PBXFileReference; lastKnownFileType = folder.assetcatalog; path = "Preview Assets.xcassets"; sourceTree = "<group>"; };
		CB1F9DE92C1CEF93003A378B /* Persistence.swift */ = {isa = PBXFileReference; lastKnownFileType = sourcecode.swift; path = Persistence.swift; sourceTree = "<group>"; };
		CB1F9DEC2C1CEF93003A378B /* Divine_Gita.xcdatamodel */ = {isa = PBXFileReference; lastKnownFileType = wrapper.xcdatamodel; path = Divine_Gita.xcdatamodel; sourceTree = "<group>"; };
		CB1F9DF22C1CEF94003A378B /* Divine GitaTests.xctest */ = {isa = PBXFileReference; explicitFileType = wrapper.cfbundle; includeInIndex = 0; path = "Divine GitaTests.xctest"; sourceTree = BUILT_PRODUCTS_DIR; };
		CB1F9DF62C1CEF94003A378B /* Divine_GitaTests.swift */ = {isa = PBXFileReference; lastKnownFileType = sourcecode.swift; path = Divine_GitaTests.swift; sourceTree = "<group>"; };
		CB1F9DFC2C1CEF94003A378B /* Divine GitaUITests.xctest */ = {isa = PBXFileReference; explicitFileType = wrapper.cfbundle; includeInIndex = 0; path = "Divine GitaUITests.xctest"; sourceTree = BUILT_PRODUCTS_DIR; };
		CB1F9E002C1CEF94003A378B /* Divine_GitaUITests.swift */ = {isa = PBXFileReference; lastKnownFileType = sourcecode.swift; path = Divine_GitaUITests.swift; sourceTree = "<group>"; };
		CB1F9E022C1CEF94003A378B /* Divine_GitaUITestsLaunchTests.swift */ = {isa = PBXFileReference; lastKnownFileType = sourcecode.swift; path = Divine_GitaUITestsLaunchTests.swift; sourceTree = "<group>"; };
/* End PBXFileReference section */

/* Begin PBXFrameworksBuildPhase section */
		CB1F9DDA2C1CEF92003A378B /* Frameworks */ = {
			isa = PBXFrameworksBuildPhase;
			buildActionMask = 2147483647;
			files = (
			);
			runOnlyForDeploymentPostprocessing = 0;
		};
		CB1F9DEF2C1CEF94003A378B /* Frameworks */ = {
			isa = PBXFrameworksBuildPhase;
			buildActionMask = 2147483647;
			files = (
			);
			runOnlyForDeploymentPostprocessing = 0;
		};
		CB1F9DF92C1CEF94003A378B /* Frameworks */ = {
			isa = PBXFrameworksBuildPhase;
			buildActionMask = 2147483647;
			files = (
			);
			runOnlyForDeploymentPostprocessing = 0;
		};
/* End PBXFrameworksBuildPhase section */

/* Begin PBXGroup section */
		CB1F9DD42C1CEF92003A378B = {
			isa = PBXGroup;
			children = (
				CB1F9DDF2C1CEF92003A378B /* Divine Gita */,
				CB1F9DF52C1CEF94003A378B /* Divine GitaTests */,
				CB1F9DFF2C1CEF94003A378B /* Divine GitaUITests */,
				CB1F9DDE2C1CEF92003A378B /* Products */,
			);
			sourceTree = "<group>";
		};
		CB1F9DDE2C1CEF92003A378B /* Products */ = {
			isa = PBXGroup;
			children = (
				CB1F9DDD2C1CEF92003A378B /* Divine Gita.app */,
				CB1F9DF22C1CEF94003A378B /* Divine GitaTests.xctest */,
				CB1F9DFC2C1CEF94003A378B /* Divine GitaUITests.xctest */,
			);
			name = Products;
			sourceTree = "<group>";
		};
		CB1F9DDF2C1CEF92003A378B /* Divine Gita */ = {
			isa = PBXGroup;
			children = (
				CB1F9DE02C1CEF92003A378B /* Divine_GitaApp.swift */,
				CB1F9DE22C1CEF92003A378B /* ContentView.swift */,
				CB1F9DE42C1CEF93003A378B /* Assets.xcassets */,
				CB1F9DE92C1CEF93003A378B /* Persistence.swift */,
				CB1F9DEB2C1CEF93003A378B /* Divine_Gita.xcdatamodeld */,
				CB1F9DE62C1CEF93003A378B /* Preview Content */,
			);
			path = "Divine Gita";
			sourceTree = "<group>";
		};
		CB1F9DE62C1CEF93003A378B /* Preview Content */ = {
			isa = PBXGroup;
			children = (
				CB1F9DE72C1CEF93003A378B /* Preview Assets.xcassets */,
			);
			path = "Preview Content";
			sourceTree = "<group>";
		};
		CB1F9DF52C1CEF94003A378B /* Divine GitaTests */ = {
			isa = PBXGroup;
			children = (
				CB1F9DF62C1CEF94003A378B /* Divine_GitaTests.swift */,
			);
			path = "Divine GitaTests";
			sourceTree = "<group>";
		};
		CB1F9DFF2C1CEF94003A378B /* Divine GitaUITests */ = {
			isa = PBXGroup;
			children = (
				CB1F9E002C1CEF94003A378B /* Divine_GitaUITests.swift */,
				CB1F9E022C1CEF94003A378B /* Divine_GitaUITestsLaunchTests.swift */,
			);
			path = "Divine GitaUITests";
			sourceTree = "<group>";
		};
/* End PBXGroup section */

/* Begin PBXNativeTarget section */
		CB1F9DDC2C1CEF92003A378B /* Divine Gita */ = {
			isa = PBXNativeTarget;
			buildConfigurationList = CB1F9E062C1CEF94003A378B /* Build configuration list for PBXNativeTarget "Divine Gita" */;
			buildPhases = (
				CB1F9DD92C1CEF92003A378B /* Sources */,
				CB1F9DDA2C1CEF92003A378B /* Frameworks */,
				CB1F9DDB2C1CEF92003A378B /* Resources */,
			);
			buildRules = (
			);
			dependencies = (
			);
			name = "Divine Gita";
			productName = "Divine Gita";
			productReference = CB1F9DDD2C1CEF92003A378B /* Divine Gita.app */;
			productType = "com.apple.product-type.application";
		};
		CB1F9DF12C1CEF94003A378B /* Divine GitaTests */ = {
			isa = PBXNativeTarget;
			buildConfigurationList = CB1F9E092C1CEF94003A378B /* Build configuration list for PBXNativeTarget "Divine GitaTests" */;
			buildPhases = (
				CB1F9DEE2C1CEF94003A378B /* Sources */,
				CB1F9DEF2C1CEF94003A378B /* Frameworks */,
				CB1F9DF02C1CEF94003A378B /* Resources */,
			);
			buildRules = (
			);
			dependencies = (
				CB1F9DF42C1CEF94003A378B /* PBXTargetDependency */,
			);
			name = "Divine GitaTests";
			productName = "Divine GitaTests";
			productReference = CB1F9DF22C1CEF94003A378B /* Divine GitaTests.xctest */;
			productType = "com.apple.product-type.bundle.unit-test";
		};
		CB1F9DFB2C1CEF94003A378B /* Divine GitaUITests */ = {
			isa = PBXNativeTarget;
			buildConfigurationList = CB1F9E0C2C1CEF94003A378B /* Build configuration list for PBXNativeTarget "Divine GitaUITests" */;
			buildPhases = (
				CB1F9DF82C1CEF94003A378B /* Sources */,
				CB1F9DF92C1CEF94003A378B /* Frameworks */,
				CB1F9DFA2C1CEF94003A378B /* Resources */,
			);
			buildRules = (
			);
			dependencies = (
				CB1F9DFE2C1CEF94003A378B /* PBXTargetDependency */,
			);
			name = "Divine GitaUITests";
			productName = "Divine GitaUITests";
			productReference = CB1F9DFC2C1CEF94003A378B /* Divine GitaUITests.xctest */;
			productType = "com.apple.product-type.bundle.ui-testing";
		};
/* End PBXNativeTarget section */

/* Begin PBXProject section */
		CB1F9DD52C1CEF92003A378B /* Project object */ = {
			isa = PBXProject;
			attributes = {
				BuildIndependentTargetsInParallel = 1;
				LastSwiftUpdateCheck = 1530;
				LastUpgradeCheck = 1530;
				TargetAttributes = {
					CB1F9DDC2C1CEF92003A378B = {
						CreatedOnToolsVersion = 15.3;
					};
					CB1F9DF12C1CEF94003A378B = {
						CreatedOnToolsVersion = 15.3;
						TestTargetID = CB1F9DDC2C1CEF92003A378B;
					};
					CB1F9DFB2C1CEF94003A378B = {
						CreatedOnToolsVersion = 15.3;
						TestTargetID = CB1F9DDC2C1CEF92003A378B;
					};
				};
			};
			buildConfigurationList = CB1F9DD82C1CEF92003A378B /* Build configuration list for PBXProject "Divine Gita" */;
			compatibilityVersion = "Xcode 14.0";
			developmentRegion = en;
			hasScannedForEncodings = 0;
			knownRegions = (
				en,
				Base,
			);
			mainGroup = CB1F9DD42C1CEF92003A378B;
			productRefGroup = CB1F9DDE2C1CEF92003A378B /* Products */;
			projectDirPath = "";
			projectRoot = "";
			targets = (
				CB1F9DDC2C1CEF92003A378B /* Divine Gita */,
				CB1F9DF12C1CEF94003A378B /* Divine GitaTests */,
				CB1F9DFB2C1CEF94003A378B /* Divine GitaUITests */,
			);
		};
/* End PBXProject section */

/* Begin PBXResourcesBuildPhase section */
		CB1F9DDB2C1CEF92003A378B /* Resources */ = {
			isa = PBXResourcesBuildPhase;
			buildActionMask = 2147483647;
			files = (
				CB1F9DE82C1CEF93003A378B /* Preview Assets.xcassets in Resources */,
				CB1F9DE52C1CEF93003A378B /* Assets.xcassets in Resources */,
			);
			runOnlyForDeploymentPostprocessing = 0;
		};
		CB1F9DF02C1CEF94003A378B /* Resources */ = {
			isa = PBXResourcesBuildPhase;
			buildActionMask = 2147483647;
			files = (
			);
			runOnlyForDeploymentPostprocessing = 0;
		};
		CB1F9DFA2C1CEF94003A378B /* Resources */ = {
			isa = PBXResourcesBuildPhase;
			buildActionMask = 2147483647;
			files = (
			);
			runOnlyForDeploymentPostprocessing = 0;
		};
/* End PBXResourcesBuildPhase section */

/* Begin PBXSourcesBuildPhase section */
		CB1F9DD92C1CEF92003A378B /* Sources */ = {
			isa = PBXSourcesBuildPhase;
			buildActionMask = 2147483647;
			files = (
				CB1F9DEA2C1CEF93003A378B /* Persistence.swift in Sources */,
				CB1F9DE32C1CEF92003A378B /* ContentView.swift in Sources */,
				CB1F9DE12C1CEF92003A378B /* Divine_GitaApp.swift in Sources */,
				CB1F9DED2C1CEF93003A378B /* Divine_Gita.xcdatamodeld in Sources */,
			);
			runOnlyForDeploymentPostprocessing = 0;
		};
		CB1F9DEE2C1CEF94003A378B /* Sources */ = {
			isa = PBXSourcesBuildPhase;
			buildActionMask = 2147483647;
			files = (
				CB1F9DF72C1CEF94003A378B /* Divine_GitaTests.swift in Sources */,
			);
			runOnlyForDeploymentPostprocessing = 0;
		};
		CB1F9DF82C1CEF94003A378B /* Sources */ = {
			isa = PBXSourcesBuildPhase;
			buildActionMask = 2147483647;
			files = (
				CB1F9E032C1CEF94003A378B /* Divine_GitaUITestsLaunchTests.swift in Sources */,
				CB1F9E012C1CEF94003A378B /* Divine_GitaUITests.swift in Sources */,
			);
			runOnlyForDeploymentPostprocessing = 0;
		};
/* End PBXSourcesBuildPhase section */

/* Begin PBXTargetDependency section */
		CB1F9DF42C1CEF94003A378B /* PBXTargetDependency */ = {
			isa = PBXTargetDependency;
			target = CB1F9DDC2C1CEF92003A378B /* Divine Gita */;
			targetProxy = CB1F9DF32C1CEF94003A378B /* PBXContainerItemProxy */;
		};
		CB1F9DFE2C1CEF94003A378B /* PBXTargetDependency */ = {
			isa = PBXTargetDependency;
			target = CB1F9DDC2C1CEF92003A378B /* Divine Gita */;
			targetProxy = CB1F9DFD2C1CEF94003A378B /* PBXContainerItemProxy */;
		};
/* End PBXTargetDependency section */

/* Begin XCBuildConfiguration section */
		CB1F9E042C1CEF94003A378B /* Debug */ = {
			isa = XCBuildConfiguration;
			buildSettings = {
				ALWAYS_SEARCH_USER_PATHS = NO;
				ASSETCATALOG_COMPILER_GENERATE_SWIFT_ASSET_SYMBOL_EXTENSIONS = YES;
				CLANG_ANALYZER_NONNULL = YES;
				CLANG_ANALYZER_NUMBER_OBJECT_CONVERSION = YES_AGGRESSIVE;
				CLANG_CXX_LANGUAGE_STANDARD = "gnu++20";
				CLANG_ENABLE_MODULES = YES;
				CLANG_ENABLE_OBJC_ARC = YES;
				CLANG_ENABLE_OBJC_WEAK = YES;
				CLANG_WARN_BLOCK_CAPTURE_AUTORELEASING = YES;
				CLANG_WARN_BOOL_CONVERSION = YES;
				CLANG_WARN_COMMA = YES;
				CLANG_WARN_CONSTANT_CONVERSION = YES;
				CLANG_WARN_DEPRECATED_OBJC_IMPLEMENTATIONS = YES;
				CLANG_WARN_DIRECT_OBJC_ISA_USAGE = YES_ERROR;
				CLANG_WARN_DOCUMENTATION_COMMENTS = YES;
				CLANG_WARN_EMPTY_BODY = YES;
				CLANG_WARN_ENUM_CONVERSION = YES;
				CLANG_WARN_INFINITE_RECURSION = YES;
				CLANG_WARN_INT_CONVERSION = YES;
				CLANG_WARN_NON_LITERAL_NULL_CONVERSION = YES;
				CLANG_WARN_OBJC_IMPLICIT_RETAIN_SELF = YES;
				CLANG_WARN_OBJC_LITERAL_CONVERSION = YES;
				CLANG_WARN_OBJC_ROOT_CLASS = YES_ERROR;
				CLANG_WARN_QUOTED_INCLUDE_IN_FRAMEWORK_HEADER = YES;
				CLANG_WARN_RANGE_LOOP_ANALYSIS = YES;
				CLANG_WARN_STRICT_PROTOTYPES = YES;
				CLANG_WARN_SUSPICIOUS_MOVE = YES;
				CLANG_WARN_UNGUARDED_AVAILABILITY = YES_AGGRESSIVE;
				CLANG_WARN_UNREACHABLE_CODE = YES;
				CLANG_WARN__DUPLICATE_METHOD_MATCH = YES;
				COPY_PHASE_STRIP = NO;
				DEBUG_INFORMATION_FORMAT = dwarf;
				ENABLE_STRICT_OBJC_MSGSEND = YES;
				ENABLE_TESTABILITY = YES;
				ENABLE_USER_SCRIPT_SANDBOXING = YES;
				GCC_C_LANGUAGE_STANDARD = gnu17;
				GCC_DYNAMIC_NO_PIC = NO;
				GCC_NO_COMMON_BLOCKS = YES;
				GCC_OPTIMIZATION_LEVEL = 0;
				GCC_PREPROCESSOR_DEFINITIONS = (
					"DEBUG=1",
					"$(inherited)",
				);
				GCC_WARN_64_TO_32_BIT_CONVERSION = YES;
				GCC_WARN_ABOUT_RETURN_TYPE = YES_ERROR;
				GCC_WARN_UNDECLARED_SELECTOR = YES;
				GCC_WARN_UNINITIALIZED_AUTOS = YES_AGGRESSIVE;
				GCC_WARN_UNUSED_FUNCTION = YES;
				GCC_WARN_UNUSED_VARIABLE = YES;
				IPHONEOS_DEPLOYMENT_TARGET = 17.4;
				LOCALIZATION_PREFERS_STRING_CATALOGS = YES;
				MTL_ENABLE_DEBUG_INFO = INCLUDE_SOURCE;
				MTL_FAST_MATH = YES;
				ONLY_ACTIVE_ARCH = YES;
				SDKROOT = iphoneos;
				SWIFT_ACTIVE_COMPILATION_CONDITIONS = "DEBUG $(inherited)";
				SWIFT_OPTIMIZATION_LEVEL = "-Onone";
			};
			name = Debug;
		};
		CB1F9E052C1CEF94003A378B /* Release */ = {
			isa = XCBuildConfiguration;
			buildSettings = {
				ALWAYS_SEARCH_USER_PATHS = NO;
				ASSETCATALOG_COMPILER_GENERATE_SWIFT_ASSET_SYMBOL_EXTENSIONS = YES;
				CLANG_ANALYZER_NONNULL = YES;
				CLANG_ANALYZER_NUMBER_OBJECT_CONVERSION = YES_AGGRESSIVE;
				CLANG_CXX_LANGUAGE_STANDARD = "gnu++20";
				CLANG_ENABLE_MODULES = YES;
				CLANG_ENABLE_OBJC_ARC = YES;
				CLANG_ENABLE_OBJC_WEAK = YES;
				CLANG_WARN_BLOCK_CAPTURE_AUTORELEASING = YES;
				CLANG_WARN_BOOL_CONVERSION = YES;
				CLANG_WARN_COMMA = YES;
				CLANG_WARN_CONSTANT_CONVERSION = YES;
				CLANG_WARN_DEPRECATED_OBJC_IMPLEMENTATIONS = YES;
				CLANG_WARN_DIRECT_OBJC_ISA_USAGE = YES_ERROR;
				CLANG_WARN_DOCUMENTATION_COMMENTS = YES;
				CLANG_WARN_EMPTY_BODY = YES;
				CLANG_WARN_ENUM_CONVERSION = YES;
				CLANG_WARN_INFINITE_RECURSION = YES;
				CLANG_WARN_INT_CONVERSION = YES;
				CLANG_WARN_NON_LITERAL_NULL_CONVERSION = YES;
				CLANG_WARN_OBJC_IMPLICIT_RETAIN_SELF = YES;
				CLANG_WARN_OBJC_LITERAL_CONVERSION = YES;
				CLANG_WARN_OBJC_ROOT_CLASS = YES_ERROR;
				CLANG_WARN_QUOTED_INCLUDE_IN_FRAMEWORK_HEADER = YES;
				CLANG_WARN_RANGE_LOOP_ANALYSIS = YES;
				CLANG_WARN_STRICT_PROTOTYPES = YES;
				CLANG_WARN_SUSPICIOUS_MOVE = YES;
				CLANG_WARN_UNGUARDED_AVAILABILITY = YES_AGGRESSIVE;
				CLANG_WARN_UNREACHABLE_CODE = YES;
				CLANG_WARN__DUPLICATE_METHOD_MATCH = YES;
				COPY_PHASE_STRIP = NO;
				DEBUG_INFORMATION_FORMAT = "dwarf-with-dsym";
				ENABLE_NS_ASSERTIONS = NO;
				ENABLE_STRICT_OBJC_MSGSEND = YES;
				ENABLE_USER_SCRIPT_SANDBOXING = YES;
				GCC_C_LANGUAGE_STANDARD = gnu17;
				GCC_NO_COMMON_BLOCKS = YES;
				GCC_WARN_64_TO_32_BIT_CONVERSION = YES;
				GCC_WARN_ABOUT_RETURN_TYPE = YES_ERROR;
				GCC_WARN_UNDECLARED_SELECTOR = YES;
				GCC_WARN_UNINITIALIZED_AUTOS = YES_AGGRESSIVE;
				GCC_WARN_UNUSED_FUNCTION = YES;
				GCC_WARN_UNUSED_VARIABLE = YES;
				IPHONEOS_DEPLOYMENT_TARGET = 17.4;
				LOCALIZATION_PREFERS_STRING_CATALOGS = YES;
				MTL_ENABLE_DEBUG_INFO = NO;
				MTL_FAST_MATH = YES;
				SDKROOT = iphoneos;
				SWIFT_COMPILATION_MODE = wholemodule;
				VALIDATE_PRODUCT = YES;
			};
			name = Release;
		};
		CB1F9E072C1CEF94003A378B /* Debug */ = {
			isa = XCBuildConfiguration;
			buildSettings = {
				ASSETCATALOG_COMPILER_APPICON_NAME = AppIcon;
				ASSETCATALOG_COMPILER_GLOBAL_ACCENT_COLOR_NAME = AccentColor;
				CODE_SIGN_STYLE = Automatic;
				CURRENT_PROJECT_VERSION = 1;
				DEVELOPMENT_ASSET_PATHS = "\"Divine Gita/Preview Content\"";
				ENABLE_PREVIEWS = YES;
				GENERATE_INFOPLIST_FILE = YES;
				INFOPLIST_KEY_UIApplicationSceneManifest_Generation = YES;
				INFOPLIST_KEY_UIApplicationSupportsIndirectInputEvents = YES;
				INFOPLIST_KEY_UILaunchScreen_Generation = YES;
				INFOPLIST_KEY_UISupportedInterfaceOrientations_iPad = "UIInterfaceOrientationPortrait UIInterfaceOrientationPortraitUpsideDown UIInterfaceOrientationLandscapeLeft UIInterfaceOrientationLandscapeRight";
				INFOPLIST_KEY_UISupportedInterfaceOrientations_iPhone = "UIInterfaceOrientationPortrait UIInterfaceOrientationLandscapeLeft UIInterfaceOrientationLandscapeRight";
				LD_RUNPATH_SEARCH_PATHS = (
					"$(inherited)",
					"@executable_path/Frameworks",
				);
				MARKETING_VERSION = 1.0;
				PRODUCT_BUNDLE_IDENTIFIER = "com.nakeer.Divine-Gita";
				PRODUCT_NAME = "$(TARGET_NAME)";
				SWIFT_EMIT_LOC_STRINGS = YES;
				SWIFT_VERSION = 5.0;
				TARGETED_DEVICE_FAMILY = "1,2";
			};
			name = Debug;
		};
		CB1F9E082C1CEF94003A378B /* Release */ = {
			isa = XCBuildConfiguration;
			buildSettings = {
				ASSETCATALOG_COMPILER_APPICON_NAME = AppIcon;
				ASSETCATALOG_COMPILER_GLOBAL_ACCENT_COLOR_NAME = AccentColor;
				CODE_SIGN_STYLE = Automatic;
				CURRENT_PROJECT_VERSION = 1;
				DEVELOPMENT_ASSET_PATHS = "\"Divine Gita/Preview Content\"";
				ENABLE_PREVIEWS = YES;
				GENERATE_INFOPLIST_FILE = YES;
				INFOPLIST_KEY_UIApplicationSceneManifest_Generation = YES;
				INFOPLIST_KEY_UIApplicationSupportsIndirectInputEvents = YES;
				INFOPLIST_KEY_UILaunchScreen_Generation = YES;
				INFOPLIST_KEY_UISupportedInterfaceOrientations_iPad = "UIInterfaceOrientationPortrait UIInterfaceOrientationPortraitUpsideDown UIInterfaceOrientationLandscapeLeft UIInterfaceOrientationLandscapeRight";
				INFOPLIST_KEY_UISupportedInterfaceOrientations_iPhone = "UIInterfaceOrientationPortrait UIInterfaceOrientationLandscapeLeft UIInterfaceOrientationLandscapeRight";
				LD_RUNPATH_SEARCH_PATHS = (
					"$(inherited)",
					"@executable_path/Frameworks",
				);
				MARKETING_VERSION = 1.0;
				PRODUCT_BUNDLE_IDENTIFIER = "com.nakeer.Divine-Gita";
				PRODUCT_NAME = "$(TARGET_NAME)";
				SWIFT_EMIT_LOC_STRINGS = YES;
				SWIFT_VERSION = 5.0;
				TARGETED_DEVICE_FAMILY = "1,2";
			};
			name = Release;
		};
		CB1F9E0A2C1CEF94003A378B /* Debug */ = {
			isa = XCBuildConfiguration;
			buildSettings = {
				ALWAYS_EMBED_SWIFT_STANDARD_LIBRARIES = YES;
				BUNDLE_LOADER = "$(TEST_HOST)";
				CODE_SIGN_STYLE = Automatic;
				CURRENT_PROJECT_VERSION = 1;
				GENERATE_INFOPLIST_FILE = YES;
				IPHONEOS_DEPLOYMENT_TARGET = 17.4;
				MARKETING_VERSION = 1.0;
				PRODUCT_BUNDLE_IDENTIFIER = "com.nakeer.Divine-GitaTests";
				PRODUCT_NAME = "$(TARGET_NAME)";
				SWIFT_EMIT_LOC_STRINGS = NO;
				SWIFT_VERSION = 5.0;
				TARGETED_DEVICE_FAMILY = "1,2";
				TEST_HOST = "$(BUILT_PRODUCTS_DIR)/Divine Gita.app/$(BUNDLE_EXECUTABLE_FOLDER_PATH)/Divine Gita";
			};
			name = Debug;
		};
		CB1F9E0B2C1CEF94003A378B /* Release */ = {
			isa = XCBuildConfiguration;
			buildSettings = {
				ALWAYS_EMBED_SWIFT_STANDARD_LIBRARIES = YES;
				BUNDLE_LOADER = "$(TEST_HOST)";
				CODE_SIGN_STYLE = Automatic;
				CURRENT_PROJECT_VERSION = 1;
				GENERATE_INFOPLIST_FILE = YES;
				IPHONEOS_DEPLOYMENT_TARGET = 17.4;
				MARKETING_VERSION = 1.0;
				PRODUCT_BUNDLE_IDENTIFIER = "com.nakeer.Divine-GitaTests";
				PRODUCT_NAME = "$(TARGET_NAME)";
				SWIFT_EMIT_LOC_STRINGS = NO;
				SWIFT_VERSION = 5.0;
				TARGETED_DEVICE_FAMILY = "1,2";
				TEST_HOST = "$(BUILT_PRODUCTS_DIR)/Divine Gita.app/$(BUNDLE_EXECUTABLE_FOLDER_PATH)/Divine Gita";
			};
			name = Release;
		};
		CB1F9E0D2C1CEF94003A378B /* Debug */ = {
			isa = XCBuildConfiguration;
			buildSettings = {
				ALWAYS_EMBED_SWIFT_STANDARD_LIBRARIES = YES;
				CODE_SIGN_STYLE = Automatic;
				CURRENT_PROJECT_VERSION = 1;
				GENERATE_INFOPLIST_FILE = YES;
				MARKETING_VERSION = 1.0;
				PRODUCT_BUNDLE_IDENTIFIER = "com.nakeer.Divine-GitaUITests";
				PRODUCT_NAME = "$(TARGET_NAME)";
				SWIFT_EMIT_LOC_STRINGS = NO;
				SWIFT_VERSION = 5.0;
				TARGETED_DEVICE_FAMILY = "1,2";
				TEST_TARGET_NAME = "Divine Gita";
			};
			name = Debug;
		};
		CB1F9E0E2C1CEF94003A378B /* Release */ = {
			isa = XCBuildConfiguration;
			buildSettings = {
				ALWAYS_EMBED_SWIFT_STANDARD_LIBRARIES = YES;
				CODE_SIGN_STYLE = Automatic;
				CURRENT_PROJECT_VERSION = 1;
				GENERATE_INFOPLIST_FILE = YES;
				MARKETING_VERSION = 1.0;
				PRODUCT_BUNDLE_IDENTIFIER = "com.nakeer.Divine-GitaUITests";
				PRODUCT_NAME = "$(TARGET_NAME)";
				SWIFT_EMIT_LOC_STRINGS = NO;
				SWIFT_VERSION = 5.0;
				TARGETED_DEVICE_FAMILY = "1,2";
				TEST_TARGET_NAME = "Divine Gita";
			};
			name = Release;
		};
/* End XCBuildConfiguration section */

/* Begin XCConfigurationList section */
		CB1F9DD82C1CEF92003A378B /* Build configuration list for PBXProject "Divine Gita" */ = {
			isa = XCConfigurationList;
			buildConfigurations = (
				CB1F9E042C1CEF94003A378B /* Debug */,
				CB1F9E052C1CEF94003A378B /* Release */,
			);
			defaultConfigurationIsVisible = 0;
			defaultConfigurationName = Release;
		};
		CB1F9E062C1CEF94003A378B /* Build configuration list for PBXNativeTarget "Divine Gita" */ = {
			isa = XCConfigurationList;
			buildConfigurations = (
				CB1F9E072C1CEF94003A378B /* Debug */,
				CB1F9E082C1CEF94003A378B /* Release */,
			);
			defaultConfigurationIsVisible = 0;
			defaultConfigurationName = Release;
		};
		CB1F9E092C1CEF94003A378B /* Build configuration list for PBXNativeTarget "Divine GitaTests" */ = {
			isa = XCConfigurationList;
			buildConfigurations = (
				CB1F9E0A2C1CEF94003A378B /* Debug */,
				CB1F9E0B2C1CEF94003A378B /* Release */,
			);
			defaultConfigurationIsVisible = 0;
			defaultConfigurationName = Release;
		};
		CB1F9E0C2C1CEF94003A378B /* Build configuration list for PBXNativeTarget "Divine GitaUITests" */ = {
			isa = XCConfigurationList;
			buildConfigurations = (
				CB1F9E0D2C1CEF94003A378B /* Debug */,
				CB1F9E0E2C1CEF94003A378B /* Release */,
			);
			defaultConfigurationIsVisible = 0;
			defaultConfigurationName = Release;
		};
/* End XCConfigurationList section */

/* Begin XCVersionGroup section */
		CB1F9DEB2C1CEF93003A378B /* Divine_Gita.xcdatamodeld */ = {
			isa = XCVersionGroup;
			children = (
				CB1F9DEC2C1CEF93003A378B /* Divine_Gita.xcdatamodel */,
			);
			currentVersion = CB1F9DEC2C1CEF93003A378B /* Divine_Gita.xcdatamodel */;
			path = Divine_Gita.xcdatamodeld;
			sourceTree = "<group>";
			versionGroupType = wrapper.xcdatamodel;
		};
/* End XCVersionGroup section */
	};
	rootObject = CB1F9DD52C1CEF92003A378B /* Project object */;
}
